
Microsoft Visual Studio Solution File, Format Version 12.00
# Visual Studio Version 16
VisualStudioVersion = 16.0.30907.101
MinimumVisualStudioVersion = 10.0.40219.1
Project("{FAE04EC0-301F-11D3-BF4B-00C04F79EFBC}") = "Chart_GettingStarted.UWP", "Chart_GettingStarted.UWP\Chart_GettingStarted.UWP.csproj", "{35B87F9B-67D9-4C36-9B3F-7AE790A06AA3}"
EndProject
Project("{FAE04EC0-301F-11D3-BF4B-00C04F79EFBC}") = "Chart_GettingStarted.Android", "Chart_GettingStarted.Android\Chart_GettingStarted.Android.csproj", "{B21A1018-B2E1-4B6A-BEBF-FD0AB9024F96}"
EndProject
Project("{FAE04EC0-301F-11D3-BF4B-00C04F79EFBC}") = "Chart_GettingStarted.iOS", "Chart_GettingStarted.iOS\Chart_GettingStarted.iOS.csproj", "{957B701F-004E-4BC8-8E9A-5AC2E05C0D7A}"
EndProject
Project("{FAE04EC0-301F-11D3-BF4B-00C04F79EFBC}") = "Chart_GettingStarted", "Chart_GettingStarted\Chart_GettingStarted.csproj", "{7F396F6F-7876-44D9-88A8-0FFC8C68E763}"
EndProject
Global
	GlobalSection(SolutionConfigurationPlatforms) = preSolution
		Debug|Any CPU = Debug|Any CPU
		Debug|ARM = Debug|ARM
		Debug|iPhone = Debug|iPhone
		Debug|iPhoneSimulator = Debug|iPhoneSimulator
		Debug|x64 = Debug|x64
		Debug|x86 = Debug|x86
		Release|Any CPU = Release|Any CPU
		Release|ARM = Release|ARM
		Release|iPhone = Release|iPhone
		Release|iPhoneSimulator = Release|iPhoneSimulator
		Release|x64 = Release|x64
		Release|x86 = Release|x86
	EndGlobalSection
	GlobalSection(ProjectConfigurationPlatforms) = postSolution
		{35B87F9B-67D9-4C36-9B3F-7AE790A06AA3}.Debug|Any CPU.ActiveCfg = Debug|x86
		{35B87F9B-67D9-4C36-9B3F-7AE790A06AA3}.Debug|Any CPU.Build.0 = Debug|x86
		{35B87F9B-67D9-4C36-9B3F-7AE790A06AA3}.Debug|Any CPU.Deploy.0 = Debug|x86
		{35B87F9B-67D9-4C36-9B3F-7AE790A06AA3}.Debug|ARM.ActiveCfg = Debug|ARM
		{35B87F9B-67D9-4C36-9B3F-7AE790A06AA3}.Debug|ARM.Build.0 = Debug|ARM
		{35B87F9B-67D9-4C36-9B3F-7AE790A06AA3}.Debug|ARM.Deploy.0 = Debug|ARM
		{35B87F9B-67D9-4C36-9B3F-7AE790A06AA3}.Debug|iPhone.ActiveCfg = Debug|x86
		{35B87F9B-67D9-4C36-9B3F-7AE790A06AA3}.Debug|iPhone.Build.0 = Debug|x86
		{35B87F9B-67D9-4C36-9B3F-7AE790A06AA3}.Debug|iPhone.Deploy.0 = Debug|x86
		{35B87F9B-67D9-4C36-9B3F-7AE790A06AA3}.Debug|iPhoneSimulator.ActiveCfg = Debug|x86
		{35B87F9B-67D9-4C36-9B3F-7AE790A06AA3}.Debug|iPhoneSimulator.Build.0 = Debug|x86
		{35B87F9B-67D9-4C36-9B3F-7AE790A06AA3}.Debug|iPhoneSimulator.Deploy.0 = Debug|x86
		{35B87F9B-67D9-4C36-9B3F-7AE790A06AA3}.Debug|x64.ActiveCfg = Debug|x64
		{35B87F9B-67D9-4C36-9B3F-7AE790A06AA3}.Debug|x64.Build.0 = Debug|x64
		{35B87F9B-67D9-4C36-9B3F-7AE790A06AA3}.Debug|x64.Deploy.0 = Debug|x64
		{35B87F9B-67D9-4C36-9B3F-7AE790A06AA3}.Debug|x86.ActiveCfg = Debug|x86
		{35B87F9B-67D9-4C36-9B3F-7AE790A06AA3}.Debug|x86.Build.0 = Debug|x86
		{35B87F9B-67D9-4C36-9B3F-7AE790A06AA3}.Debug|x86.Deploy.0 = Debug|x86
		{35B87F9B-67D9-4C36-9B3F-7AE790A06AA3}.Release|Any CPU.ActiveCfg = Release|x86
		{35B87F9B-67D9-4C36-9B3F-7AE790A06AA3}.Release|Any CPU.Build.0 = Release|x86
		{35B87F9B-67D9-4C36-9B3F-7AE790A06AA3}.Release|Any CPU.Deploy.0 = Release|x86
		{35B87F9B-67D9-4C36-9B3F-7AE790A06AA3}.Release|ARM.ActiveCfg = Release|ARM
		{35B87F9B-67D9-4C36-9B3F-7AE790A06AA3}.Release|ARM.Build.0 = Release|ARM
		{35B87F9B-67D9-4C36-9B3F-7AE790A06AA3}.Release|ARM.Deploy.0 = Release|ARM
		{35B87F9B-67D9-4C36-9B3F-7AE790A06AA3}.Release|iPhone.ActiveCfg = Release|x86
		{35B87F9B-67D9-4C36-9B3F-7AE790A06AA3}.Release|iPhone.Build.0 = Release|x86
		{35B87F9B-67D9-4C36-9B3F-7AE790A06AA3}.Release|iPhone.Deploy.0 = Release|x86
		{35B87F9B-67D9-4C36-9B3F-7AE790A06AA3}.Release|iPhoneSimulator.ActiveCfg = Release|x86
		{35B87F9B-67D9-4C36-9B3F-7AE790A06AA3}.Release|iPhoneSimulator.Build.0 = Release|x86
		{35B87F9B-67D9-4C36-9B3F-7AE790A06AA3}.Release|iPhoneSimulator.Deploy.0 = Release|x86
		{35B87F9B-67D9-4C36-9B3F-7AE790A06AA3}.Release|x64.ActiveCfg = Release|x64
		{35B87F9B-67D9-4C36-9B3F-7AE790A06AA3}.Release|x64.Build.0 = Release|x64
		{35B87F9B-67D9-4C36-9B3F-7AE790A06AA3}.Release|x64.Deploy.0 = Release|x64
		{35B87F9B-67D9-4C36-9B3F-7AE790A06AA3}.Release|x86.ActiveCfg = Release|x86
		{35B87F9B-67D9-4C36-9B3F-7AE790A06AA3}.Release|x86.Build.0 = Release|x86
		{35B87F9B-67D9-4C36-9B3F-7AE790A06AA3}.Release|x86.Deploy.0 = Release|x86
		{B21A1018-B2E1-4B6A-BEBF-FD0AB9024F96}.Debug|Any CPU.ActiveCfg = Debug|Any CPU
		{B21A1018-B2E1-4B6A-BEBF-FD0AB9024F96}.Debug|Any CPU.Build.0 = Debug|Any CPU
		{B21A1018-B2E1-4B6A-BEBF-FD0AB9024F96}.Debug|Any CPU.Deploy.0 = Debug|Any CPU
		{B21A1018-B2E1-4B6A-BEBF-FD0AB9024F96}.Debug|ARM.ActiveCfg = Debug|Any CPU
		{B21A1018-B2E1-4B6A-BEBF-FD0AB9024F96}.Debug|ARM.Build.0 = Debug|Any CPU
		{B21A1018-B2E1-4B6A-BEBF-FD0AB9024F96}.Debug|ARM.Deploy.0 = Debug|Any CPU
		{B21A1018-B2E1-4B6A-BEBF-FD0AB9024F96}.Debug|iPhone.ActiveCfg = Debug|Any CPU
		{B21A1018-B2E1-4B6A-BEBF-FD0AB9024F96}.Debug|iPhone.Build.0 = Debug|Any CPU
		{B21A1018-B2E1-4B6A-BEBF-FD0AB9024F96}.Debug|iPhone.Deploy.0 = Debug|Any CPU
		{B21A1018-B2E1-4B6A-BEBF-FD0AB9024F96}.Debug|iPhoneSimulator.ActiveCfg = Debug|Any CPU
		{B21A1018-B2E1-4B6A-BEBF-FD0AB9024F96}.Debug|iPhoneSimulator.Build.0 = Debug|Any CPU
		{B21A1018-B2E1-4B6A-BEBF-FD0AB9024F96}.Debug|iPhoneSimulator.Deploy.0 = Debug|Any CPU
		{B21A1018-B2E1-4B6A-BEBF-FD0AB9024F96}.Debug|x64.ActiveCfg = Debug|Any CPU
		{B21A1018-B2E1-4B6A-BEBF-FD0AB9024F96}.Debug|x64.Build.0 = Debug|Any CPU
		{B21A1018-B2E1-4B6A-BEBF-FD0AB9024F96}.Debug|x64.Deploy.0 = Debug|Any CPU
		{B21A1018-B2E1-4B6A-BEBF-FD0AB9024F96}.Debug|x86.ActiveCfg = Debug|Any CPU
		{B21A1018-B2E1-4B6A-BEBF-FD0AB9024F96}.Debug|x86.Build.0 = Debug|Any CPU
		{B21A1018-B2E1-4B6A-BEBF-FD0AB9024F96}.Debug|x86.Deploy.0 = Debug|Any CPU
		{B21A1018-B2E1-4B6A-BEBF-FD0AB9024F96}.Release|Any CPU.ActiveCfg = Release|Any CPU
		{B21A1018-B2E1-4B6A-BEBF-FD0AB9024F96}.Release|Any CPU.Build.0 = Release|Any CPU
		{B21A1018-B2E1-4B6A-BEBF-FD0AB9024F96}.Release|Any CPU.Deploy.0 = Release|Any CPU
		{B21A1018-B2E1-4B6A-BEBF-FD0AB9024F96}.Release|ARM.ActiveCfg = Release|Any CPU
		{B21A1018-B2E1-4B6A-BEBF-FD0AB9024F96}.Release|ARM.Build.0 = Release|Any CPU
		{B21A1018-B2E1-4B6A-BEBF-FD0AB9024F96}.Release|ARM.Deploy.0 = Release|Any CPU
		{B21A1018-B2E1-4B6A-BEBF-FD0AB9024F96}.Release|iPhone.ActiveCfg = Release|Any CPU
		{B21A1018-B2E1-4B6A-BEBF-FD0AB9024F96}.Release|iPhone.Build.0 = Release|Any CPU
		{B21A1018-B2E1-4B6A-BEBF-FD0AB9024F96}.Release|iPhone.Deploy.0 = Release|Any CPU
		{B21A1018-B2E1-4B6A-BEBF-FD0AB9024F96}.Release|iPhoneSimulator.ActiveCfg = Release|Any CPU
		{B21A1018-B2E1-4B6A-BEBF-FD0AB9024F96}.Release|iPhoneSimulator.Build.0 = Release|Any CPU
		{B21A1018-B2E1-4B6A-BEBF-FD0AB9024F96}.Release|iPhoneSimulator.Deploy.0 = Release|Any CPU
		{B21A1018-B2E1-4B6A-BEBF-FD0AB9024F96}.Release|x64.ActiveCfg = Release|Any CPU
		{B21A1018-B2E1-4B6A-BEBF-FD0AB9024F96}.Release|x64.Build.0 = Release|Any CPU
		{B21A1018-B2E1-4B6A-BEBF-FD0AB9024F96}.Release|x64.Deploy.0 = Release|Any CPU
		{B21A1018-B2E1-4B6A-BEBF-FD0AB9024F96}.Release|x86.ActiveCfg = Release|Any CPU
		{B21A1018-B2E1-4B6A-BEBF-FD0AB9024F96}.Release|x86.Build.0 = Release|Any CPU
		{B21A1018-B2E1-4B6A-BEBF-FD0AB9024F96}.Release|x86.Deploy.0 = Release|Any CPU
		{957B701F-004E-4BC8-8E9A-5AC2E05C0D7A}.Debug|Any CPU.ActiveCfg = Debug|iPhoneSimulator
		{957B701F-004E-4BC8-8E9A-5AC2E05C0D7A}.Debug|Any CPU.Build.0 = Debug|iPhoneSimulator
		{957B701F-004E-4BC8-8E9A-5AC2E05C0D7A}.Debug|Any CPU.Deploy.0 = Debug|iPhoneSimulator
		{957B701F-004E-4BC8-8E9A-5AC2E05C0D7A}.Debug|ARM.ActiveCfg = Debug|iPhone
		{957B701F-004E-4BC8-8E9A-5AC2E05C0D7A}.Debug|ARM.Build.0 = Debug|iPhone
		{957B701F-004E-4BC8-8E9A-5AC2E05C0D7A}.Debug|ARM.Deploy.0 = Debug|iPhone
		{957B701F-004E-4BC8-8E9A-5AC2E05C0D7A}.Debug|iPhone.ActiveCfg = Debug|iPhone
		{957B701F-004E-4BC8-8E9A-5AC2E05C0D7A}.Debug|iPhone.Build.0 = Debug|iPhone
		{957B701F-004E-4BC8-8E9A-5AC2E05C0D7A}.Debug|iPhone.Deploy.0 = Debug|iPhone
		{957B701F-004E-4BC8-8E9A-5AC2E05C0D7A}.Debug|iPhoneSimulator.ActiveCfg = Debug|iPhoneSimulator
		{957B701F-004E-4BC8-8E9A-5AC2E05C0D7A}.Debug|iPhoneSimulator.Build.0 = Debug|iPhoneSimulator
		{957B701F-004E-4BC8-8E9A-5AC2E05C0D7A}.Debug|iPhoneSimulator.Deploy.0 = Debug|iPhoneSimulator
		{957B701F-004E-4BC8-8E9A-5AC2E05C0D7A}.Debug|x64.ActiveCfg = Debug|iPhoneSimulator
		{957B701F-004E-4BC8-8E9A-5AC2E05C0D7A}.Debug|x64.Build.0 = Debug|iPhoneSimulator
		{957B701F-004E-4BC8-8E9A-5AC2E05C0D7A}.Debug|x64.Deploy.0 = Debug|iPhoneSimulator
		{957B701F-004E-4BC8-8E9A-5AC2E05C0D7A}.Debug|x86.ActiveCfg = Debug|iPhoneSimulator
		{957B701F-004E-4BC8-8E9A-5AC2E05C0D7A}.Debug|x86.Build.0 = Debug|iPhoneSimulator
		{957B701F-004E-4BC8-8E9A-5AC2E05C0D7A}.Debug|x86.Deploy.0 = Debug|iPhoneSimulator
		{957B701F-004E-4BC8-8E9A-5AC2E05C0D7A}.Release|Any CPU.ActiveCfg = Release|iPhoneSimulator
		{957B701F-004E-4BC8-8E9A-5AC2E05C0D7A}.Release|Any CPU.Build.0 = Release|iPhoneSimulator
		{957B701F-004E-4BC8-8E9A-5AC2E05C0D7A}.Release|Any CPU.Deploy.0 = Release|iPhoneSimulator
		{957B701F-004E-4BC8-8E9A-5AC2E05C0D7A}.Release|ARM.ActiveCfg = Release|iPhoneSimulator
		{957B701F-004E-4BC8-8E9A-5AC2E05C0D7A}.Release|ARM.Build.0 = Release|iPhoneSimulator
		{957B701F-004E-4BC8-8E9A-5AC2E05C0D7A}.Release|ARM.Deploy.0 = Release|iPhoneSimulator
		{957B701F-004E-4BC8-8E9A-5AC2E05C0D7A}.Release|iPhone.ActiveCfg = Release|iPhone
		{957B701F-004E-4BC8-8E9A-5AC2E05C0D7A}.Release|iPhone.Build.0 = Release|iPhone
		{957B701F-004E-4BC8-8E9A-5AC2E05C0D7A}.Release|iPhone.Deploy.0 = Release|iPhone
		{957B701F-004E-4BC8-8E9A-5AC2E05C0D7A}.Release|iPhoneSimulator.ActiveCfg = Release|iPhoneSimulator
		{957B701F-004E-4BC8-8E9A-5AC2E05C0D7A}.Release|iPhoneSimulator.Build.0 = Release|iPhoneSimulator
		{957B701F-004E-4BC8-8E9A-5AC2E05C0D7A}.Release|iPhoneSimulator.Deploy.0 = Release|iPhoneSimulator
		{957B701F-004E-4BC8-8E9A-5AC2E05C0D7A}.Release|x64.ActiveCfg = Release|iPhoneSimulator
		{957B701F-004E-4BC8-8E9A-5AC2E05C0D7A}.Release|x64.Build.0 = Release|iPhoneSimulator
		{957B701F-004E-4BC8-8E9A-5AC2E05C0D7A}.Release|x64.Deploy.0 = Release|iPhoneSimulator
		{957B701F-004E-4BC8-8E9A-5AC2E05C0D7A}.Release|x86.ActiveCfg = Release|iPhoneSimulator
		{957B701F-004E-4BC8-8E9A-5AC2E05C0D7A}.Release|x86.Build.0 = Release|iPhoneSimulator
		{957B701F-004E-4BC8-8E9A-5AC2E05C0D7A}.Release|x86.Deploy.0 = Release|iPhoneSimulator
		{7F396F6F-7876-44D9-88A8-0FFC8C68E763}.Debug|Any CPU.ActiveCfg = Debug|Any CPU
		{7F396F6F-7876-44D9-88A8-0FFC8C68E763}.Debug|Any CPU.Build.0 = Debug|Any CPU
		{7F396F6F-7876-44D9-88A8-0FFC8C68E763}.Debug|Any CPU.Deploy.0 = Debug|Any CPU
		{7F396F6F-7876-44D9-88A8-0FFC8C68E763}.Debug|ARM.ActiveCfg = Debug|Any CPU
		{7F396F6F-7876-44D9-88A8-0FFC8C68E763}.Debug|ARM.Build.0 = Debug|Any CPU
		{7F396F6F-7876-44D9-88A8-0FFC8C68E763}.Debug|ARM.Deploy.0 = Debug|Any CPU
		{7F396F6F-7876-44D9-88A8-0FFC8C68E763}.Debug|iPhone.ActiveCfg = Debug|Any CPU
		{7F396F6F-7876-44D9-88A8-0FFC8C68E763}.Debug|iPhone.Build.0 = Debug|Any CPU
		{7F396F6F-7876-44D9-88A8-0FFC8C68E763}.Debug|iPhone.Deploy.0 = Debug|Any CPU
		{7F396F6F-7876-44D9-88A8-0FFC8C68E763}.Debug|iPhoneSimulator.ActiveCfg = Debug|Any CPU
		{7F396F6F-7876-44D9-88A8-0FFC8C68E763}.Debug|iPhoneSimulator.Build.0 = Debug|Any CPU
		{7F396F6F-7876-44D9-88A8-0FFC8C68E763}.Debug|iPhoneSimulator.Deploy.0 = Debug|Any CPU
		{7F396F6F-7876-44D9-88A8-0FFC8C68E763}.Debug|x64.ActiveCfg = Debug|Any CPU
		{7F396F6F-7876-44D9-88A8-0FFC8C68E763}.Debug|x64.Build.0 = Debug|Any CPU
		{7F396F6F-7876-44D9-88A8-0FFC8C68E763}.Debug|x64.Deploy.0 = Debug|Any CPU
		{7F396F6F-7876-44D9-88A8-0FFC8C68E763}.Debug|x86.ActiveCfg = Debug|Any CPU
		{7F396F6F-7876-44D9-88A8-0FFC8C68E763}.Debug|x86.Build.0 = Debug|Any CPU
		{7F396F6F-7876-44D9-88A8-0FFC8C68E763}.Debug|x86.Deploy.0 = Debug|Any CPU
		{7F396F6F-7876-44D9-88A8-0FFC8C68E763}.Release|Any CPU.ActiveCfg = Release|Any CPU
		{7F396F6F-7876-44D9-88A8-0FFC8C68E763}.Release|Any CPU.Build.0 = Release|Any CPU
		{7F396F6F-7876-44D9-88A8-0FFC8C68E763}.Release|Any CPU.Deploy.0 = Release|Any CPU
		{7F396F6F-7876-44D9-88A8-0FFC8C68E763}.Release|ARM.ActiveCfg = Release|Any CPU
		{7F396F6F-7876-44D9-88A8-0FFC8C68E763}.Release|ARM.Build.0 = Release|Any CPU
		{7F396F6F-7876-44D9-88A8-0FFC8C68E763}.Release|ARM.Deploy.0 = Release|Any CPU
		{7F396F6F-7876-44D9-88A8-0FFC8C68E763}.Release|iPhone.ActiveCfg = Release|Any CPU
		{7F396F6F-7876-44D9-88A8-0FFC8C68E763}.Release|iPhone.Build.0 = Release|Any CPU
		{7F396F6F-7876-44D9-88A8-0FFC8C68E763}.Release|iPhone.Deploy.0 = Release|Any CPU
		{7F396F6F-7876-44D9-88A8-0FFC8C68E763}.Release|iPhoneSimulator.ActiveCfg = Release|Any CPU
		{7F396F6F-7876-44D9-88A8-0FFC8C68E763}.Release|iPhoneSimulator.Build.0 = Release|Any CPU
		{7F396F6F-7876-44D9-88A8-0FFC8C68E763}.Release|iPhoneSimulator.Deploy.0 = Release|Any CPU
		{7F396F6F-7876-44D9-88A8-0FFC8C68E763}.Release|x64.ActiveCfg = Release|Any CPU
		{7F396F6F-7876-44D9-88A8-0FFC8C68E763}.Release|x64.Build.0 = Release|Any CPU
		{7F396F6F-7876-44D9-88A8-0FFC8C68E763}.Release|x64.Deploy.0 = Release|Any CPU
		{7F396F6F-7876-44D9-88A8-0FFC8C68E763}.Release|x86.ActiveCfg = Release|Any CPU
		{7F396F6F-7876-44D9-88A8-0FFC8C68E763}.Release|x86.Build.0 = Release|Any CPU
		{7F396F6F-7876-44D9-88A8-0FFC8C68E763}.Release|x86.Deploy.0 = Release|Any CPU
	EndGlobalSection
	GlobalSection(SolutionProperties) = preSolution
		HideSolutionNode = FALSE
	EndGlobalSection
	GlobalSection(ExtensibilityGlobals) = postSolution
		SolutionGuid = {C35E65A3-9FE6-46DD-B06A-789126C4D9AE}
	EndGlobalSection
EndGlobal
