
Microsoft Visual Studio Solution File, Format Version 12.00
# Visual Studio Version 16
VisualStudioVersion = 16.0.30907.101
MinimumVisualStudioVersion = 10.0.40219.1
Project("{FAE04EC0-301F-11D3-BF4B-00C04F79EFBC}") = "Chart_GettingStarted.UWP", "Chart_GettingStarted.UWP\Chart_GettingStarted.UWP.csproj", "{DCD71AED-7169-4663-AA15-0009E46E0665}"
EndProject
Project("{FAE04EC0-301F-11D3-BF4B-00C04F79EFBC}") = "Chart_GettingStarted.Android", "Chart_GettingStarted.Android\Chart_GettingStarted.Android.csproj", "{5915D7D4-C9E8-488E-8888-5BF9105C2985}"
EndProject
Project("{FAE04EC0-301F-11D3-BF4B-00C04F79EFBC}") = "Chart_GettingStarted.iOS", "Chart_GettingStarted.iOS\Chart_GettingStarted.iOS.csproj", "{D5852A1A-59AC-43AF-84F4-CB639287D974}"
EndProject
Project("{FAE04EC0-301F-11D3-BF4B-00C04F79EFBC}") = "Chart_GettingStarted", "Chart_GettingStarted\Chart_GettingStarted.csproj", "{29F00816-B58C-41A1-B5A0-A87C4E773602}"
EndProject
Global
	GlobalSection(SolutionConfigurationPlatforms) = preSolution
		Debug|Any CPU = Debug|Any CPU
		Debug|ARM = Debug|ARM
		Debug|iPhone = Debug|iPhone
		Debug|iPhoneSimulator = Debug|iPhoneSimulator
		Debug|x64 = Debug|x64
		Debug|x86 = Debug|x86
		Release|Any CPU = Release|Any CPU
		Release|ARM = Release|ARM
		Release|iPhone = Release|iPhone
		Release|iPhoneSimulator = Release|iPhoneSimulator
		Release|x64 = Release|x64
		Release|x86 = Release|x86
	EndGlobalSection
	GlobalSection(ProjectConfigurationPlatforms) = postSolution
		{DCD71AED-7169-4663-AA15-0009E46E0665}.Debug|Any CPU.ActiveCfg = Debug|x86
		{DCD71AED-7169-4663-AA15-0009E46E0665}.Debug|Any CPU.Build.0 = Debug|x86
		{DCD71AED-7169-4663-AA15-0009E46E0665}.Debug|Any CPU.Deploy.0 = Debug|x86
		{DCD71AED-7169-4663-AA15-0009E46E0665}.Debug|ARM.ActiveCfg = Debug|ARM
		{DCD71AED-7169-4663-AA15-0009E46E0665}.Debug|ARM.Build.0 = Debug|ARM
		{DCD71AED-7169-4663-AA15-0009E46E0665}.Debug|ARM.Deploy.0 = Debug|ARM
		{DCD71AED-7169-4663-AA15-0009E46E0665}.Debug|iPhone.ActiveCfg = Debug|x86
		{DCD71AED-7169-4663-AA15-0009E46E0665}.Debug|iPhone.Build.0 = Debug|x86
		{DCD71AED-7169-4663-AA15-0009E46E0665}.Debug|iPhone.Deploy.0 = Debug|x86
		{DCD71AED-7169-4663-AA15-0009E46E0665}.Debug|iPhoneSimulator.ActiveCfg = Debug|x86
		{DCD71AED-7169-4663-AA15-0009E46E0665}.Debug|iPhoneSimulator.Build.0 = Debug|x86
		{DCD71AED-7169-4663-AA15-0009E46E0665}.Debug|iPhoneSimulator.Deploy.0 = Debug|x86
		{DCD71AED-7169-4663-AA15-0009E46E0665}.Debug|x64.ActiveCfg = Debug|x64
		{DCD71AED-7169-4663-AA15-0009E46E0665}.Debug|x64.Build.0 = Debug|x64
		{DCD71AED-7169-4663-AA15-0009E46E0665}.Debug|x64.Deploy.0 = Debug|x64
		{DCD71AED-7169-4663-AA15-0009E46E0665}.Debug|x86.ActiveCfg = Debug|x86
		{DCD71AED-7169-4663-AA15-0009E46E0665}.Debug|x86.Build.0 = Debug|x86
		{DCD71AED-7169-4663-AA15-0009E46E0665}.Debug|x86.Deploy.0 = Debug|x86
		{DCD71AED-7169-4663-AA15-0009E46E0665}.Release|Any CPU.ActiveCfg = Release|x86
		{DCD71AED-7169-4663-AA15-0009E46E0665}.Release|Any CPU.Build.0 = Release|x86
		{DCD71AED-7169-4663-AA15-0009E46E0665}.Release|Any CPU.Deploy.0 = Release|x86
		{DCD71AED-7169-4663-AA15-0009E46E0665}.Release|ARM.ActiveCfg = Release|ARM
		{DCD71AED-7169-4663-AA15-0009E46E0665}.Release|ARM.Build.0 = Release|ARM
		{DCD71AED-7169-4663-AA15-0009E46E0665}.Release|ARM.Deploy.0 = Release|ARM
		{DCD71AED-7169-4663-AA15-0009E46E0665}.Release|iPhone.ActiveCfg = Release|x86
		{DCD71AED-7169-4663-AA15-0009E46E0665}.Release|iPhone.Build.0 = Release|x86
		{DCD71AED-7169-4663-AA15-0009E46E0665}.Release|iPhone.Deploy.0 = Release|x86
		{DCD71AED-7169-4663-AA15-0009E46E0665}.Release|iPhoneSimulator.ActiveCfg = Release|x86
		{DCD71AED-7169-4663-AA15-0009E46E0665}.Release|iPhoneSimulator.Build.0 = Release|x86
		{DCD71AED-7169-4663-AA15-0009E46E0665}.Release|iPhoneSimulator.Deploy.0 = Release|x86
		{DCD71AED-7169-4663-AA15-0009E46E0665}.Release|x64.ActiveCfg = Release|x64
		{DCD71AED-7169-4663-AA15-0009E46E0665}.Release|x64.Build.0 = Release|x64
		{DCD71AED-7169-4663-AA15-0009E46E0665}.Release|x64.Deploy.0 = Release|x64
		{DCD71AED-7169-4663-AA15-0009E46E0665}.Release|x86.ActiveCfg = Release|x86
		{DCD71AED-7169-4663-AA15-0009E46E0665}.Release|x86.Build.0 = Release|x86
		{DCD71AED-7169-4663-AA15-0009E46E0665}.Release|x86.Deploy.0 = Release|x86
		{5915D7D4-C9E8-488E-8888-5BF9105C2985}.Debug|Any CPU.ActiveCfg = Debug|Any CPU
		{5915D7D4-C9E8-488E-8888-5BF9105C2985}.Debug|Any CPU.Build.0 = Debug|Any CPU
		{5915D7D4-C9E8-488E-8888-5BF9105C2985}.Debug|Any CPU.Deploy.0 = Debug|Any CPU
		{5915D7D4-C9E8-488E-8888-5BF9105C2985}.Debug|ARM.ActiveCfg = Debug|Any CPU
		{5915D7D4-C9E8-488E-8888-5BF9105C2985}.Debug|ARM.Build.0 = Debug|Any CPU
		{5915D7D4-C9E8-488E-8888-5BF9105C2985}.Debug|ARM.Deploy.0 = Debug|Any CPU
		{5915D7D4-C9E8-488E-8888-5BF9105C2985}.Debug|iPhone.ActiveCfg = Debug|Any CPU
		{5915D7D4-C9E8-488E-8888-5BF9105C2985}.Debug|iPhone.Build.0 = Debug|Any CPU
		{5915D7D4-C9E8-488E-8888-5BF9105C2985}.Debug|iPhone.Deploy.0 = Debug|Any CPU
		{5915D7D4-C9E8-488E-8888-5BF9105C2985}.Debug|iPhoneSimulator.ActiveCfg = Debug|Any CPU
		{5915D7D4-C9E8-488E-8888-5BF9105C2985}.Debug|iPhoneSimulator.Build.0 = Debug|Any CPU
		{5915D7D4-C9E8-488E-8888-5BF9105C2985}.Debug|iPhoneSimulator.Deploy.0 = Debug|Any CPU
		{5915D7D4-C9E8-488E-8888-5BF9105C2985}.Debug|x64.ActiveCfg = Debug|Any CPU
		{5915D7D4-C9E8-488E-8888-5BF9105C2985}.Debug|x64.Build.0 = Debug|Any CPU
		{5915D7D4-C9E8-488E-8888-5BF9105C2985}.Debug|x64.Deploy.0 = Debug|Any CPU
		{5915D7D4-C9E8-488E-8888-5BF9105C2985}.Debug|x86.ActiveCfg = Debug|Any CPU
		{5915D7D4-C9E8-488E-8888-5BF9105C2985}.Debug|x86.Build.0 = Debug|Any CPU
		{5915D7D4-C9E8-488E-8888-5BF9105C2985}.Debug|x86.Deploy.0 = Debug|Any CPU
		{5915D7D4-C9E8-488E-8888-5BF9105C2985}.Release|Any CPU.ActiveCfg = Release|Any CPU
		{5915D7D4-C9E8-488E-8888-5BF9105C2985}.Release|Any CPU.Build.0 = Release|Any CPU
		{5915D7D4-C9E8-488E-8888-5BF9105C2985}.Release|Any CPU.Deploy.0 = Release|Any CPU
		{5915D7D4-C9E8-488E-8888-5BF9105C2985}.Release|ARM.ActiveCfg = Release|Any CPU
		{5915D7D4-C9E8-488E-8888-5BF9105C2985}.Release|ARM.Build.0 = Release|Any CPU
		{5915D7D4-C9E8-488E-8888-5BF9105C2985}.Release|ARM.Deploy.0 = Release|Any CPU
		{5915D7D4-C9E8-488E-8888-5BF9105C2985}.Release|iPhone.ActiveCfg = Release|Any CPU
		{5915D7D4-C9E8-488E-8888-5BF9105C2985}.Release|iPhone.Build.0 = Release|Any CPU
		{5915D7D4-C9E8-488E-8888-5BF9105C2985}.Release|iPhone.Deploy.0 = Release|Any CPU
		{5915D7D4-C9E8-488E-8888-5BF9105C2985}.Release|iPhoneSimulator.ActiveCfg = Release|Any CPU
		{5915D7D4-C9E8-488E-8888-5BF9105C2985}.Release|iPhoneSimulator.Build.0 = Release|Any CPU
		{5915D7D4-C9E8-488E-8888-5BF9105C2985}.Release|iPhoneSimulator.Deploy.0 = Release|Any CPU
		{5915D7D4-C9E8-488E-8888-5BF9105C2985}.Release|x64.ActiveCfg = Release|Any CPU
		{5915D7D4-C9E8-488E-8888-5BF9105C2985}.Release|x64.Build.0 = Release|Any CPU
		{5915D7D4-C9E8-488E-8888-5BF9105C2985}.Release|x64.Deploy.0 = Release|Any CPU
		{5915D7D4-C9E8-488E-8888-5BF9105C2985}.Release|x86.ActiveCfg = Release|Any CPU
		{5915D7D4-C9E8-488E-8888-5BF9105C2985}.Release|x86.Build.0 = Release|Any CPU
		{5915D7D4-C9E8-488E-8888-5BF9105C2985}.Release|x86.Deploy.0 = Release|Any CPU
		{D5852A1A-59AC-43AF-84F4-CB639287D974}.Debug|Any CPU.ActiveCfg = Debug|iPhoneSimulator
		{D5852A1A-59AC-43AF-84F4-CB639287D974}.Debug|Any CPU.Build.0 = Debug|iPhoneSimulator
		{D5852A1A-59AC-43AF-84F4-CB639287D974}.Debug|Any CPU.Deploy.0 = Debug|iPhoneSimulator
		{D5852A1A-59AC-43AF-84F4-CB639287D974}.Debug|ARM.ActiveCfg = Debug|iPhone
		{D5852A1A-59AC-43AF-84F4-CB639287D974}.Debug|ARM.Build.0 = Debug|iPhone
		{D5852A1A-59AC-43AF-84F4-CB639287D974}.Debug|ARM.Deploy.0 = Debug|iPhone
		{D5852A1A-59AC-43AF-84F4-CB639287D974}.Debug|iPhone.ActiveCfg = Debug|iPhone
		{D5852A1A-59AC-43AF-84F4-CB639287D974}.Debug|iPhone.Build.0 = Debug|iPhone
		{D5852A1A-59AC-43AF-84F4-CB639287D974}.Debug|iPhone.Deploy.0 = Debug|iPhone
		{D5852A1A-59AC-43AF-84F4-CB639287D974}.Debug|iPhoneSimulator.ActiveCfg = Debug|iPhoneSimulator
		{D5852A1A-59AC-43AF-84F4-CB639287D974}.Debug|iPhoneSimulator.Build.0 = Debug|iPhoneSimulator
		{D5852A1A-59AC-43AF-84F4-CB639287D974}.Debug|iPhoneSimulator.Deploy.0 = Debug|iPhoneSimulator
		{D5852A1A-59AC-43AF-84F4-CB639287D974}.Debug|x64.ActiveCfg = Debug|iPhoneSimulator
		{D5852A1A-59AC-43AF-84F4-CB639287D974}.Debug|x64.Build.0 = Debug|iPhoneSimulator
		{D5852A1A-59AC-43AF-84F4-CB639287D974}.Debug|x64.Deploy.0 = Debug|iPhoneSimulator
		{D5852A1A-59AC-43AF-84F4-CB639287D974}.Debug|x86.ActiveCfg = Debug|iPhoneSimulator
		{D5852A1A-59AC-43AF-84F4-CB639287D974}.Debug|x86.Build.0 = Debug|iPhoneSimulator
		{D5852A1A-59AC-43AF-84F4-CB639287D974}.Debug|x86.Deploy.0 = Debug|iPhoneSimulator
		{D5852A1A-59AC-43AF-84F4-CB639287D974}.Release|Any CPU.ActiveCfg = Release|iPhoneSimulator
		{D5852A1A-59AC-43AF-84F4-CB639287D974}.Release|Any CPU.Build.0 = Release|iPhoneSimulator
		{D5852A1A-59AC-43AF-84F4-CB639287D974}.Release|Any CPU.Deploy.0 = Release|iPhoneSimulator
		{D5852A1A-59AC-43AF-84F4-CB639287D974}.Release|ARM.ActiveCfg = Release|iPhoneSimulator
		{D5852A1A-59AC-43AF-84F4-CB639287D974}.Release|ARM.Build.0 = Release|iPhoneSimulator
		{D5852A1A-59AC-43AF-84F4-CB639287D974}.Release|ARM.Deploy.0 = Release|iPhoneSimulator
		{D5852A1A-59AC-43AF-84F4-CB639287D974}.Release|iPhone.ActiveCfg = Release|iPhone
		{D5852A1A-59AC-43AF-84F4-CB639287D974}.Release|iPhone.Build.0 = Release|iPhone
		{D5852A1A-59AC-43AF-84F4-CB639287D974}.Release|iPhone.Deploy.0 = Release|iPhone
		{D5852A1A-59AC-43AF-84F4-CB639287D974}.Release|iPhoneSimulator.ActiveCfg = Release|iPhoneSimulator
		{D5852A1A-59AC-43AF-84F4-CB639287D974}.Release|iPhoneSimulator.Build.0 = Release|iPhoneSimulator
		{D5852A1A-59AC-43AF-84F4-CB639287D974}.Release|iPhoneSimulator.Deploy.0 = Release|iPhoneSimulator
		{D5852A1A-59AC-43AF-84F4-CB639287D974}.Release|x64.ActiveCfg = Release|iPhoneSimulator
		{D5852A1A-59AC-43AF-84F4-CB639287D974}.Release|x64.Build.0 = Release|iPhoneSimulator
		{D5852A1A-59AC-43AF-84F4-CB639287D974}.Release|x64.Deploy.0 = Release|iPhoneSimulator
		{D5852A1A-59AC-43AF-84F4-CB639287D974}.Release|x86.ActiveCfg = Release|iPhoneSimulator
		{D5852A1A-59AC-43AF-84F4-CB639287D974}.Release|x86.Build.0 = Release|iPhoneSimulator
		{D5852A1A-59AC-43AF-84F4-CB639287D974}.Release|x86.Deploy.0 = Release|iPhoneSimulator
		{29F00816-B58C-41A1-B5A0-A87C4E773602}.Debug|Any CPU.ActiveCfg = Debug|Any CPU
		{29F00816-B58C-41A1-B5A0-A87C4E773602}.Debug|Any CPU.Build.0 = Debug|Any CPU
		{29F00816-B58C-41A1-B5A0-A87C4E773602}.Debug|Any CPU.Deploy.0 = Debug|Any CPU
		{29F00816-B58C-41A1-B5A0-A87C4E773602}.Debug|ARM.ActiveCfg = Debug|Any CPU
		{29F00816-B58C-41A1-B5A0-A87C4E773602}.Debug|ARM.Build.0 = Debug|Any CPU
		{29F00816-B58C-41A1-B5A0-A87C4E773602}.Debug|ARM.Deploy.0 = Debug|Any CPU
		{29F00816-B58C-41A1-B5A0-A87C4E773602}.Debug|iPhone.ActiveCfg = Debug|Any CPU
		{29F00816-B58C-41A1-B5A0-A87C4E773602}.Debug|iPhone.Build.0 = Debug|Any CPU
		{29F00816-B58C-41A1-B5A0-A87C4E773602}.Debug|iPhone.Deploy.0 = Debug|Any CPU
		{29F00816-B58C-41A1-B5A0-A87C4E773602}.Debug|iPhoneSimulator.ActiveCfg = Debug|Any CPU
		{29F00816-B58C-41A1-B5A0-A87C4E773602}.Debug|iPhoneSimulator.Build.0 = Debug|Any CPU
		{29F00816-B58C-41A1-B5A0-A87C4E773602}.Debug|iPhoneSimulator.Deploy.0 = Debug|Any CPU
		{29F00816-B58C-41A1-B5A0-A87C4E773602}.Debug|x64.ActiveCfg = Debug|Any CPU
		{29F00816-B58C-41A1-B5A0-A87C4E773602}.Debug|x64.Build.0 = Debug|Any CPU
		{29F00816-B58C-41A1-B5A0-A87C4E773602}.Debug|x64.Deploy.0 = Debug|Any CPU
		{29F00816-B58C-41A1-B5A0-A87C4E773602}.Debug|x86.ActiveCfg = Debug|Any CPU
		{29F00816-B58C-41A1-B5A0-A87C4E773602}.Debug|x86.Build.0 = Debug|Any CPU
		{29F00816-B58C-41A1-B5A0-A87C4E773602}.Debug|x86.Deploy.0 = Debug|Any CPU
		{29F00816-B58C-41A1-B5A0-A87C4E773602}.Release|Any CPU.ActiveCfg = Release|Any CPU
		{29F00816-B58C-41A1-B5A0-A87C4E773602}.Release|Any CPU.Build.0 = Release|Any CPU
		{29F00816-B58C-41A1-B5A0-A87C4E773602}.Release|Any CPU.Deploy.0 = Release|Any CPU
		{29F00816-B58C-41A1-B5A0-A87C4E773602}.Release|ARM.ActiveCfg = Release|Any CPU
		{29F00816-B58C-41A1-B5A0-A87C4E773602}.Release|ARM.Build.0 = Release|Any CPU
		{29F00816-B58C-41A1-B5A0-A87C4E773602}.Release|ARM.Deploy.0 = Release|Any CPU
		{29F00816-B58C-41A1-B5A0-A87C4E773602}.Release|iPhone.ActiveCfg = Release|Any CPU
		{29F00816-B58C-41A1-B5A0-A87C4E773602}.Release|iPhone.Build.0 = Release|Any CPU
		{29F00816-B58C-41A1-B5A0-A87C4E773602}.Release|iPhone.Deploy.0 = Release|Any CPU
		{29F00816-B58C-41A1-B5A0-A87C4E773602}.Release|iPhoneSimulator.ActiveCfg = Release|Any CPU
		{29F00816-B58C-41A1-B5A0-A87C4E773602}.Release|iPhoneSimulator.Build.0 = Release|Any CPU
		{29F00816-B58C-41A1-B5A0-A87C4E773602}.Release|iPhoneSimulator.Deploy.0 = Release|Any CPU
		{29F00816-B58C-41A1-B5A0-A87C4E773602}.Release|x64.ActiveCfg = Release|Any CPU
		{29F00816-B58C-41A1-B5A0-A87C4E773602}.Release|x64.Build.0 = Release|Any CPU
		{29F00816-B58C-41A1-B5A0-A87C4E773602}.Release|x64.Deploy.0 = Release|Any CPU
		{29F00816-B58C-41A1-B5A0-A87C4E773602}.Release|x86.ActiveCfg = Release|Any CPU
		{29F00816-B58C-41A1-B5A0-A87C4E773602}.Release|x86.Build.0 = Release|Any CPU
		{29F00816-B58C-41A1-B5A0-A87C4E773602}.Release|x86.Deploy.0 = Release|Any CPU
	EndGlobalSection
	GlobalSection(SolutionProperties) = preSolution
		HideSolutionNode = FALSE
	EndGlobalSection
	GlobalSection(ExtensibilityGlobals) = postSolution
		SolutionGuid = {7F1A3D66-764D-4709-94F9-A772651C8D88}
	EndGlobalSection
EndGlobal
